Microsoft Visual Studio Solution File, Format Version 12.00
# Visual Studio Version 17
VisualStudioVersion = 17.5.2.0
MinimumVisualStudioVersion = 10.0.40219.1
Project("{FAE04EC0-301F-11D3-BF4B-00C04F79EFBC}") = "PromptHub", "PromptHub.csproj", "{4EA6BCF5-2602-61FA-EBA3-2C5A17D58F88}"
EndProject
Global
	GlobalSection(SolutionConfigurationPlatforms) = preSolution
		Debug|Any CPU = Debug|Any CPU
		Release|Any CPU = Release|Any CPU
	EndGlobalSection
	GlobalSection(ProjectConfigurationPlatforms) = postSolution
		{4EA6BCF5-2602-61FA-EBA3-2C5A17D58F88}.Debug|Any CPU.ActiveCfg = Debug|Any CPU
		{4EA6BCF5-2602-61FA-EBA3-2C5A17D58F88}.Debug|Any CPU.Build.0 = Debug|Any CPU
		{4EA6BCF5-2602-61FA-EBA3-2C5A17D58F88}.Release|Any CPU.ActiveCfg = Release|Any CPU
		{4EA6BCF5-2602-61FA-EBA3-2C5A17D58F88}.Release|Any CPU.Build.0 = Release|Any CPU
	EndGlobalSection
	GlobalSection(SolutionProperties) = preSolution
		HideSolutionNode = FALSE
	EndGlobalSection
	GlobalSection(ExtensibilityGlobals) = postSolution
		SolutionGuid = {564D32FF-86A7-4EDF-B9F7-E92540B4C6B8}
	EndGlobalSection
EndGlobal
